lockfileVersion: 5.3

specifiers:
  zx: ^5.2.0

devDependencies:
  zx: registry.npmmirror.com/zx/5.2.0

packages:

  registry.npmmirror.com/@nodelib/fs.scandir/2.1.5:
    resolution: {integrity: sha512-vq24Bq3ym5HEQm2NKCr3yXDwjc7vTsEThRDnkp2DK9p1uqLR+DHurm/NOTo0KG7HYHU7eppKZj3MyqYuMBf62g==, registry: https://registry.npm.taobao.org/, tarball: https://registry.npmmirror.com/@nodelib/fs.scandir/-/fs.scandir-2.1.5.tgz}
    name: '@nodelib/fs.scandir'
    version: 2.1.5
    engines: {node: '>= 8'}
    dependencies:
      '@nodelib/fs.stat': registry.npmmirror.com/@nodelib/fs.stat/2.0.5
      run-parallel: registry.npmmirror.com/run-parallel/1.2.0
    dev: true

  registry.npmmirror.com/@nodelib/fs.stat/2.0.5:
    resolution: {integrity: sha512-RkhPPp2zrqDAQA/2jNhnztcPAlv64XdhIp7a7454A5ovI7Bukxgt7MX7udwAu3zg1DcpPU0rz3VV1SeaqvY4+A==, registry: https://registry.npm.taobao.org/, tarball: https://registry.npmmirror.com/@nodelib/fs.stat/-/fs.stat-2.0.5.tgz}
    name: '@nodelib/fs.stat'
    version: 2.0.5
    engines: {node: '>= 8'}
    dev: true

  registry.npmmirror.com/@nodelib/fs.walk/1.2.8:
    resolution: {integrity: sha512-oGB+UxlgWcgQkgwo8GcEGwemoTFt3FIO9ababBmaGwXIoBKZ+GTy0pP185beGg7Llih/NSHSV2XAs1lnznocSg==, registry: https://registry.npm.taobao.org/, tarball: https://registry.npmmirror.com/@nodelib/fs.walk/-/fs.walk-1.2.8.tgz}
    name: '@nodelib/fs.walk'
    version: 1.2.8
    engines: {node: '>= 8'}
    dependencies:
      '@nodelib/fs.scandir': registry.npmmirror.com/@nodelib/fs.scandir/2.1.5
      fastq: registry.npmmirror.com/fastq/1.13.0
    dev: true

  registry.npmmirror.com/@types/fs-extra/9.0.13:
    resolution: {integrity: sha512-nEnwB++1u5lVDM2UI4c1+5R+FYaKfaAzS4OococimjVm3nQw3TuzH5UNsocrcTBbhnerblyHj4A49qXbIiZdpA==, registry: https://registry.npm.taobao.org/, tarball: https://registry.npmmirror.com/@types/fs-extra/-/fs-extra-9.0.13.tgz}
    name: '@types/fs-extra'
    version: 9.0.13
    dependencies:
      '@types/node': registry.npmmirror.com/@types/node/17.0.21
    dev: true

  registry.npmmirror.com/@types/minimist/1.2.2:
    resolution: {integrity: sha512-jhuKLIRrhvCPLqwPcx6INqmKeiA5EWrsCOPhrlFSrbrmU4ZMPjj5Ul/oLCMDO98XRUIwVm78xICz4EPCektzeQ==, registry: https://registry.npm.taobao.org/, tarball: https://registry.npmmirror.com/@types/minimist/-/minimist-1.2.2.tgz}
    name: '@types/minimist'
    version: 1.2.2
    dev: true

  registry.npmmirror.com/@types/node/17.0.21:
    resolution: {integrity: sha512-DBZCJbhII3r90XbQxI8Y9IjjiiOGlZ0Hr32omXIZvwwZ7p4DMMXGrKXVyPfuoBOri9XNtL0UK69jYIBIsRX3QQ==, registry: https://registry.npm.taobao.org/, tarball: https://registry.npmmirror.com/@types/node/-/node-17.0.21.tgz}
    name: '@types/node'
    version: 17.0.21
    dev: true

  registry.npmmirror.com/braces/3.0.2:
    resolution: {integrity: sha512-b8um+L1RzM3WDSzvhm6gIz1yfTbBt6YTlcEKAvsmqCZZFw46z626lVj9j1yEPW33H5H+lBQpZMP1k8l+78Ha0A==, registry: https://registry.npm.taobao.org/, tarball: https://registry.npmmirror.com/braces/-/braces-3.0.2.tgz}
    name: braces
    version: 3.0.2
    engines: {node: '>=8'}
    dependencies:
      fill-range: registry.npmmirror.com/fill-range/7.0.1
    dev: true

  registry.npmmirror.com/chalk/5.0.0:
    resolution: {integrity: sha512-/duVOqst+luxCQRKEo4bNxinsOQtMP80ZYm7mMqzuh5PociNL0PvmHFvREJ9ueYL2TxlHjBcmLCdmocx9Vg+IQ==, registry: https://registry.npm.taobao.org/, tarball: https://registry.npmmirror.com/chalk/-/chalk-5.0.0.tgz}
    name: chalk
    version: 5.0.0
    engines: {node: ^12.17.0 || ^14.13 || >=16.0.0}
    dev: true

  registry.npmmirror.com/data-uri-to-buffer/4.0.0:
    resolution: {integrity: sha512-Vr3mLBA8qWmcuschSLAOogKgQ/Jwxulv3RNE4FXnYWRGujzrRWQI4m12fQqRkwX06C0KanhLr4hK+GydchZsaA==, registry: https://registry.npm.taobao.org/, tarball: https://registry.npmmirror.com/data-uri-to-buffer/-/data-uri-to-buffer-4.0.0.tgz}
    name: data-uri-to-buffer
    version: 4.0.0
    engines: {node: '>= 12'}
    dev: true

  registry.npmmirror.com/dir-glob/3.0.1:
    resolution: {integrity: sha512-WkrWp9GR4KXfKGYzOLmTuGVi1UWFfws377n9cc55/tb6DuqyF6pcQ5AbiHEshaDpY9v6oaSr2XCDidGmMwdzIA==, registry: https://registry.npm.taobao.org/, tarball: https://registry.npmmirror.com/dir-glob/-/dir-glob-3.0.1.tgz}
    name: dir-glob
    version: 3.0.1
    engines: {node: '>=8'}
    dependencies:
      path-type: registry.npmmirror.com/path-type/4.0.0
    dev: true

  registry.npmmirror.com/duplexer/0.1.2:
    resolution: {integrity: sha512-jtD6YG370ZCIi/9GTaJKQxWTZD045+4R4hTk/x1UyoqadyJ9x9CgSi1RlVDQF8U2sxLLSnFkCaMihqljHIWgMg==, registry: https://registry.npm.taobao.org/, tarball: https://registry.npmmirror.com/duplexer/-/duplexer-0.1.2.tgz}
    name: duplexer
    version: 0.1.2
    dev: true

  registry.npmmirror.com/event-stream/3.3.4:
    resolution: {integrity: sha512-QHpkERcGsR0T7Qm3HNJSyXKEEj8AHNxkY3PK8TS2KJvQ7NiSHe3DDpwVKKtoYprL/AreyzFBeIkBIWChAqn60g==, registry: https://registry.npm.taobao.org/, tarball: https://registry.npmmirror.com/event-stream/-/event-stream-3.3.4.tgz}
    name: event-stream
    version: 3.3.4
    dependencies:
      duplexer: registry.npmmirror.com/duplexer/0.1.2
      from: registry.npmmirror.com/from/0.1.7
      map-stream: registry.npmmirror.com/map-stream/0.1.0
      pause-stream: registry.npmmirror.com/pause-stream/0.0.11
      split: registry.npmmirror.com/split/0.3.3
      stream-combiner: registry.npmmirror.com/stream-combiner/0.0.4
      through: registry.npmmirror.com/through/2.3.8
    dev: true

  registry.npmmirror.com/fast-glob/3.2.11:
    resolution: {integrity: sha512-xrO3+1bxSo3ZVHAnqzyuewYT6aMFHRAd4Kcs92MAonjwQZLsK9d0SF1IyQ3k5PoirxTW0Oe/RqFgMQ6TcNE5Ew==, registry: https://registry.npm.taobao.org/, tarball: https://registry.npmmirror.com/fast-glob/-/fast-glob-3.2.11.tgz}
    name: fast-glob
    version: 3.2.11
    engines: {node: '>=8.6.0'}
    dependencies:
      '@nodelib/fs.stat': registry.npmmirror.com/@nodelib/fs.stat/2.0.5
      '@nodelib/fs.walk': registry.npmmirror.com/@nodelib/fs.walk/1.2.8
      glob-parent: registry.npmmirror.com/glob-parent/5.1.2
      merge2: registry.npmmirror.com/merge2/1.4.1
      micromatch: registry.npmmirror.com/micromatch/4.0.4
    dev: true

  registry.npmmirror.com/fastq/1.13.0:
    resolution: {integrity: sha512-YpkpUnK8od0o1hmeSc7UUs/eB/vIPWJYjKck2QKIzAf71Vm1AAQ3EbuZB3g2JIy+pg+ERD0vqI79KyZiB2e2Nw==, registry: https://registry.npm.taobao.org/, tarball: https://registry.npmmirror.com/fastq/-/fastq-1.13.0.tgz}
    name: fastq
    version: 1.13.0
    dependencies:
      reusify: registry.npmmirror.com/reusify/1.0.4
    dev: true

  registry.npmmirror.com/fetch-blob/3.1.4:
    resolution: {integrity: sha512-Eq5Xv5+VlSrYWEqKrusxY1C3Hm/hjeAsCGVG3ft7pZahlUAChpGZT/Ms1WmSLnEAisEXszjzu/s+ce6HZB2VHA==, registry: https://registry.npm.taobao.org/, tarball: https://registry.npmmirror.com/fetch-blob/-/fetch-blob-3.1.4.tgz}
    name: fetch-blob
    version: 3.1.4
    engines: {node: ^12.20 || >= 14.13}
    dependencies:
      node-domexception: registry.npmmirror.com/node-domexception/1.0.0
      web-streams-polyfill: registry.npmmirror.com/web-streams-polyfill/3.2.0
    dev: true

  registry.npmmirror.com/fill-range/7.0.1:
    resolution: {integrity: sha512-qOo9F+dMUmC2Lcb4BbVvnKJxTPjCm+RRpe4gDuGrzkL7mEVl/djYSu2OdQ2Pa302N4oqkSg9ir6jaLWJ2USVpQ==, registry: https://registry.npm.taobao.org/, tarball: https://registry.npmmirror.com/fill-range/-/fill-range-7.0.1.tgz}
    name: fill-range
    version: 7.0.1
    engines: {node: '>=8'}
    dependencies:
      to-regex-range: registry.npmmirror.com/to-regex-range/5.0.1
    dev: true

  registry.npmmirror.com/formdata-polyfill/4.0.10:
    resolution: {integrity: sha512-buewHzMvYL29jdeQTVILecSaZKnt/RJWjoZCF5OW60Z67/GmSLBkOFM7qh1PI3zFNtJbaZL5eQu1vLfazOwj4g==, registry: https://registry.npm.taobao.org/, tarball: https://registry.npmmirror.com/formdata-polyfill/-/formdata-polyfill-4.0.10.tgz}
    name: formdata-polyfill
    version: 4.0.10
    engines: {node: '>=12.20.0'}
    dependencies:
      fetch-blob: registry.npmmirror.com/fetch-blob/3.1.4
    dev: true

  registry.npmmirror.com/from/0.1.7:
    resolution: {integrity: sha512-twe20eF1OxVxp/ML/kq2p1uc6KvFK/+vs8WjEbeKmV2He22MKm7YF2ANIt+EOqhJ5L3K/SuuPhk0hWQDjOM23g==, registry: https://registry.npm.taobao.org/, tarball: https://registry.npmmirror.com/from/-/from-0.1.7.tgz}
    name: from
    version: 0.1.7
    dev: true

  registry.npmmirror.com/fs-extra/10.0.1:
    resolution: {integrity: sha512-NbdoVMZso2Lsrn/QwLXOy6rm0ufY2zEOKCDzJR/0kBsb0E6qed0P3iYK+Ath3BfvXEeu4JhEtXLgILx5psUfag==, registry: https://registry.npm.taobao.org/, tarball: https://registry.npmmirror.com/fs-extra/-/fs-extra-10.0.1.tgz}
    name: fs-extra
    version: 10.0.1
    engines: {node: '>=12'}
    dependencies:
      graceful-fs: registry.npmmirror.com/graceful-fs/4.2.9
      jsonfile: registry.npmmirror.com/jsonfile/6.1.0
      universalify: registry.npmmirror.com/universalify/2.0.0
    dev: true

  registry.npmmirror.com/glob-parent/5.1.2:
    resolution: {integrity: sha512-AOIgSQCepiJYwP3ARnGx+5VnTu2HBYdzbGP45eLw1vr3zB3vZLeyed1sC9hnbcOc9/SrMyM5RPQrkGz4aS9Zow==, registry: https://registry.npm.taobao.org/, tarball: https://registry.npmmirror.com/glob-parent/-/glob-parent-5.1.2.tgz}
    name: glob-parent
    version: 5.1.2
    engines: {node: '>= 6'}
    dependencies:
      is-glob: registry.npmmirror.com/is-glob/4.0.3
    dev: true

  registry.npmmirror.com/globby/13.1.1:
    resolution: {integrity: sha512-XMzoDZbGZ37tufiv7g0N4F/zp3zkwdFtVbV3EHsVl1KQr4RPLfNoT068/97RPshz2J5xYNEjLKKBKaGHifBd3Q==, registry: https://registry.npm.taobao.org/, tarball: https://registry.npmmirror.com/globby/-/globby-13.1.1.tgz}
    name: globby
    version: 13.1.1
    engines: {node: ^12.20.0 || ^14.13.1 || >=16.0.0}
    dependencies:
      dir-glob: registry.npmmirror.com/dir-glob/3.0.1
      fast-glob: registry.npmmirror.com/fast-glob/3.2.11
      ignore: registry.npmmirror.com/ignore/5.2.0
      merge2: registry.npmmirror.com/merge2/1.4.1
      slash: registry.npmmirror.com/slash/4.0.0
    dev: true

  registry.npmmirror.com/graceful-fs/4.2.9:
    resolution: {integrity: sha512-NtNxqUcXgpW2iMrfqSfR73Glt39K+BLwWsPs94yR63v45T0Wbej7eRmL5cWfwEgqXnmjQp3zaJTshdRW/qC2ZQ==, registry: https://registry.npm.taobao.org/, tarball: https://registry.npmmirror.com/graceful-fs/-/graceful-fs-4.2.9.tgz}
    name: graceful-fs
    version: 4.2.9
    dev: true

  registry.npmmirror.com/ignore/5.2.0:
    resolution: {integrity: sha512-CmxgYGiEPCLhfLnpPp1MoRmifwEIOgjcHXxOBjv7mY96c+eWScsOP9c112ZyLdWHi0FxHjI+4uVhKYp/gcdRmQ==, registry: https://registry.npm.taobao.org/, tarball: https://registry.npmmirror.com/ignore/-/ignore-5.2.0.tgz}
    name: ignore
    version: 5.2.0
    engines: {node: '>= 4'}
    dev: true

  registry.npmmirror.com/is-extglob/2.1.1:
    resolution: {integrity: sha512-SbKbANkN603Vi4jEZv49LeVJMn4yGwsbzZworEoyEiutsN3nJYdbO36zfhGJ6QEDpOZIFkDtnq5JRxmvl3jsoQ==, registry: https://registry.npm.taobao.org/, tarball: https://registry.npmmirror.com/is-extglob/-/is-extglob-2.1.1.tgz}
    name: is-extglob
    version: 2.1.1
    engines: {node: '>=0.10.0'}
    dev: true

  registry.npmmirror.com/is-glob/4.0.3:
    resolution: {integrity: sha512-xelSayHH36ZgE7ZWhli7pW34hNbNl8Ojv5KVmkJD4hBdD3th8Tfk9vYasLM+mXWOZhFkgZfxhLSnrwRr4elSSg==, registry: https://registry.npm.taobao.org/, tarball: https://registry.npmmirror.com/is-glob/-/is-glob-4.0.3.tgz}
    name: is-glob
    version: 4.0.3
    engines: {node: '>=0.10.0'}
    dependencies:
      is-extglob: registry.npmmirror.com/is-extglob/2.1.1
    dev: true

  registry.npmmirror.com/is-number/7.0.0:
    resolution: {integrity: sha512-41Cifkg6e8TylSpdtTpeLVMqvSBEVzTttHvERD741+pnZ8ANv0004MRL43QKPDlK9cGvNp6NZWZUBlbGXYxxng==, registry: https://registry.npm.taobao.org/, tarball: https://registry.npmmirror.com/is-number/-/is-number-7.0.0.tgz}
    name: is-number
    version: 7.0.0
    engines: {node: '>=0.12.0'}
    dev: true

  registry.npmmirror.com/isexe/2.0.0:
    resolution: {integrity: sha512-RHxMLp9lnKHGHRng9QFhRCMbYAcVpn69smSGcq3f36xjgVVWThj4qqLbTLlq7Ssj8B+fIQ1EuCEGI2lKsyQeIw==, registry: https://registry.npm.taobao.org/, tarball: https://registry.npmmirror.com/isexe/-/isexe-2.0.0.tgz}
    name: isexe
    version: 2.0.0
    dev: true

  registry.npmmirror.com/jsonfile/6.1.0:
    resolution: {integrity: sha512-5dgndWOriYSm5cnYaJNhalLNDKOqFwyDB/rr1E9ZsGciGvKPs8R2xYGCacuf3z6K1YKDz182fd+fY3cn3pMqXQ==, registry: https://registry.npm.taobao.org/, tarball: https://registry.npmmirror.com/jsonfile/-/jsonfile-6.1.0.tgz}
    name: jsonfile
    version: 6.1.0
    dependencies:
      universalify: registry.npmmirror.com/universalify/2.0.0
    optionalDependencies:
      graceful-fs: registry.npmmirror.com/graceful-fs/4.2.9
    dev: true

  registry.npmmirror.com/map-stream/0.1.0:
    resolution: {integrity: sha512-CkYQrPYZfWnu/DAmVCpTSX/xHpKZ80eKh2lAkyA6AJTef6bW+6JpbQZN5rofum7da+SyN1bi5ctTm+lTfcCW3g==, registry: https://registry.npm.taobao.org/, tarball: https://registry.npmmirror.com/map-stream/-/map-stream-0.1.0.tgz}
    name: map-stream
    version: 0.1.0
    dev: true

  registry.npmmirror.com/merge2/1.4.1:
    resolution: {integrity: sha512-8q7VEgMJW4J8tcfVPy8g09NcQwZdbwFEqhe/WZkoIzjn/3TGDwtOCYtXGxA3O8tPzpczCCDgv+P2P5y00ZJOOg==, registry: https://registry.npm.taobao.org/, tarball: https://registry.npmmirror.com/merge2/-/merge2-1.4.1.tgz}
    name: merge2
    version: 1.4.1
    engines: {node: '>= 8'}
    dev: true

  registry.npmmirror.com/micromatch/4.0.4:
    resolution: {integrity: sha512-pRmzw/XUcwXGpD9aI9q/0XOwLNygjETJ8y0ao0wdqprrzDa4YnxLcz7fQRZr8voh8V10kGhABbNcHVk5wHgWwg==, registry: https://registry.npm.taobao.org/, tarball: https://registry.npmmirror.com/micromatch/-/micromatch-4.0.4.tgz}
    name: micromatch
    version: 4.0.4
    engines: {node: '>=8.6'}
    dependencies:
      braces: registry.npmmirror.com/braces/3.0.2
      picomatch: registry.npmmirror.com/picomatch/2.3.1
    dev: true

  registry.npmmirror.com/minimist/1.2.5:
    resolution: {integrity: sha512-FM9nNUYrRBAELZQT3xeZQ7fmMOBg6nWNmJKTcgsJeaLstP/UODVpGsr5OhXhhXg6f+qtJ8uiZ+PUxkDWcgIXLw==, registry: https://registry.npm.taobao.org/, tarball: https://registry.npmmirror.com/minimist/-/minimist-1.2.5.tgz}
    name: minimist
    version: 1.2.5
    dev: true

  registry.npmmirror.com/node-domexception/1.0.0:
    resolution: {integrity: sha512-/jKZoMpw0F8GRwl4/eLROPA3cfcXtLApP0QzLmUT/HuPCZWyB7IY9ZrMeKw2O/nFIqPQB3PVM9aYm0F312AXDQ==, registry: https://registry.npm.taobao.org/, tarball: https://registry.npmmirror.com/node-domexception/-/node-domexception-1.0.0.tgz}
    name: node-domexception
    version: 1.0.0
    engines: {node: '>=10.5.0'}
    dev: true

  registry.npmmirror.com/node-fetch/3.2.1:
    resolution: {integrity: sha512-Ef3SPFtRWFCDyhvcwCSvacLpkwmYZcD57mmZzAsMiks9TpHpIghe32U9H06tMICnr+X7YCpzH7WvUlUoml2urA==, registry: https://registry.npm.taobao.org/, tarball: https://registry.npmmirror.com/node-fetch/-/node-fetch-3.2.1.tgz}
    name: node-fetch
    version: 3.2.1
    engines: {node: ^12.20.0 || ^14.13.1 || >=16.0.0}
    dependencies:
      data-uri-to-buffer: registry.npmmirror.com/data-uri-to-buffer/4.0.0
      fetch-blob: registry.npmmirror.com/fetch-blob/3.1.4
      formdata-polyfill: registry.npmmirror.com/formdata-polyfill/4.0.10
    dev: true

  registry.npmmirror.com/path-type/4.0.0:
    resolution: {integrity: sha512-gDKb8aZMDeD/tZWs9P6+q0J9Mwkdl6xMV8TjnGP3qJVJ06bdMgkbBlLU8IdfOsIsFz2BW1rNVT3XuNEl8zPAvw==, registry: https://registry.npm.taobao.org/, tarball: https://registry.npmmirror.com/path-type/-/path-type-4.0.0.tgz}
    name: path-type
    version: 4.0.0
    engines: {node: '>=8'}
    dev: true

  registry.npmmirror.com/pause-stream/0.0.11:
    resolution: {integrity: sha512-e3FBlXLmN/D1S+zHzanP4E/4Z60oFAa3O051qt1pxa7DEJWKAyil6upYVXCWadEnuoqa4Pkc9oUx9zsxYeRv8A==, registry: https://registry.npm.taobao.org/, tarball: https://registry.npmmirror.com/pause-stream/-/pause-stream-0.0.11.tgz}
    name: pause-stream
    version: 0.0.11
    dependencies:
      through: registry.npmmirror.com/through/2.3.8
    dev: true

  registry.npmmirror.com/picomatch/2.3.1:
    resolution: {integrity: sha512-JU3teHTNjmE2VCGFzuY8EXzCDVwEqB2a8fsIvwaStHhAWJEeVd1o1QD80CU6+ZdEXXSLbSsuLwJjkCBWqRQUVA==, registry: https://registry.npm.taobao.org/, tarball: https://registry.npmmirror.com/picomatch/-/picomatch-2.3.1.tgz}
    name: picomatch
    version: 2.3.1
    engines: {node: '>=8.6'}
    dev: true

  registry.npmmirror.com/ps-tree/1.2.0:
    resolution: {integrity: sha512-0VnamPPYHl4uaU/nSFeZZpR21QAWRz+sRv4iW9+v/GS/J5U5iZB5BNN6J0RMoOvdx2gWM2+ZFMIm58q24e4UYA==, registry: https://registry.npm.taobao.org/, tarball: https://registry.npmmirror.com/ps-tree/-/ps-tree-1.2.0.tgz}
    name: ps-tree
    version: 1.2.0
    engines: {node: '>= 0.10'}
    hasBin: true
    dependencies:
      event-stream: registry.npmmirror.com/event-stream/3.3.4
    dev: true

  registry.npmmirror.com/queue-microtask/1.2.3:
    resolution: {integrity: sha512-NuaNSa6flKT5JaSYQzJok04JzTL1CA6aGhv5rfLW3PgqA+M2ChpZQnAC8h8i4ZFkBS8X5RqkDBHA7r4hej3K9A==, registry: https://registry.npm.taobao.org/, tarball: https://registry.npmmirror.com/queue-microtask/-/queue-microtask-1.2.3.tgz}
    name: queue-microtask
    version: 1.2.3
    dev: true

  registry.npmmirror.com/reusify/1.0.4:
    resolution: {integrity: sha512-U9nH88a3fc/ekCF1l0/UP1IosiuIjyTh7hBvXVMHYgVcfGvt897Xguj2UOLDeI5BG2m7/uwyaLVT6fbtCwTyzw==, registry: https://registry.npm.taobao.org/, tarball: https://registry.npmmirror.com/reusify/-/reusify-1.0.4.tgz}
    name: reusify
    version: 1.0.4
    engines: {iojs: '>=1.0.0', node: '>=0.10.0'}
    dev: true

  registry.npmmirror.com/run-parallel/1.2.0:
    resolution: {integrity: sha512-5l4VyZR86LZ/lDxZTR6jqL8AFE2S0IFLMP26AbjsLVADxHdhB/c0GUsH+y39UfCi3dzz8OlQuPmnaJOMoDHQBA==, registry: https://registry.npm.taobao.org/, tarball: https://registry.npmmirror.com/run-parallel/-/run-parallel-1.2.0.tgz}
    name: run-parallel
    version: 1.2.0
    dependencies:
      queue-microtask: registry.npmmirror.com/queue-microtask/1.2.3
    dev: true

  registry.npmmirror.com/slash/4.0.0:
    resolution: {integrity: sha512-3dOsAHXXUkQTpOYcoAxLIorMTp4gIQr5IW3iVb7A7lFIp0VHhnynm9izx6TssdrIcVIESAlVjtnO2K8bg+Coew==, registry: https://registry.npm.taobao.org/, tarball: https://registry.npmmirror.com/slash/-/slash-4.0.0.tgz}
    name: slash
    version: 4.0.0
    engines: {node: '>=12'}
    dev: true

  registry.npmmirror.com/split/0.3.3:
    resolution: {integrity: sha512-wD2AeVmxXRBoX44wAycgjVpMhvbwdI2aZjCkvfNcH1YqHQvJVa1duWc73OyVGJUc05fhFaTZeQ/PYsrmyH0JVA==, registry: https://registry.npm.taobao.org/, tarball: https://registry.npmmirror.com/split/-/split-0.3.3.tgz}
    name: split
    version: 0.3.3
    dependencies:
      through: registry.npmmirror.com/through/2.3.8
    dev: true

  registry.npmmirror.com/stream-combiner/0.0.4:
    resolution: {integrity: sha512-rT00SPnTVyRsaSz5zgSPma/aHSOic5U1prhYdRy5HS2kTZviFpmDgzilbtsJsxiroqACmayynDN/9VzIbX5DOw==, registry: https://registry.npm.taobao.org/, tarball: https://registry.npmmirror.com/stream-combiner/-/stream-combiner-0.0.4.tgz}
    name: stream-combiner
    version: 0.0.4
    dependencies:
      duplexer: registry.npmmirror.com/duplexer/0.1.2
    dev: true

  registry.npmmirror.com/through/2.3.8:
    resolution: {integrity: sha512-w89qg7PI8wAdvX60bMDP+bFoD5Dvhm9oLheFp5O4a2QF0cSBGsBX4qZmadPMvVqlLJBBci+WqGGOAPvcDeNSVg==, registry: https://registry.npm.taobao.org/, tarball: https://registry.npmmirror.com/through/-/through-2.3.8.tgz}
    name: through
    version: 2.3.8
    dev: true

  registry.npmmirror.com/to-regex-range/5.0.1:
    resolution: {integrity: sha512-65P7iz6X5yEr1cwcgvQxbbIw7Uk3gOy5dIdtZ4rDveLqhrdJP+Li/Hx6tyK0NEb+2GCyneCMJiGqrADCSNk8sQ==, registry: https://registry.npm.taobao.org/, tarball: https://registry.npmmirror.com/to-regex-range/-/to-regex-range-5.0.1.tgz}
    name: to-regex-range
    version: 5.0.1
    engines: {node: '>=8.0'}
    dependencies:
      is-number: registry.npmmirror.com/is-number/7.0.0
    dev: true

  registry.npmmirror.com/universalify/2.0.0:
    resolution: {integrity: sha512-hAZsKq7Yy11Zu1DE0OzWjw7nnLZmJZYTDZZyEFHZdUhV8FkH5MCfoU1XMaxXovpyW5nq5scPqq0ZDP9Zyl04oQ==, registry: https://registry.npm.taobao.org/, tarball: https://registry.npmmirror.com/universalify/-/universalify-2.0.0.tgz}
    name: universalify
    version: 2.0.0
    engines: {node: '>= 10.0.0'}
    dev: true

  registry.npmmirror.com/web-streams-polyfill/3.2.0:
    resolution: {integrity: sha512-EqPmREeOzttaLRm5HS7io98goBgZ7IVz79aDvqjD0kYXLtFZTc0T/U6wHTPKyIjb+MdN7DFIIX6hgdBEpWmfPA==, registry: https://registry.npm.taobao.org/, tarball: https://registry.npmmirror.com/web-streams-polyfill/-/web-streams-polyfill-3.2.0.tgz}
    name: web-streams-polyfill
    version: 3.2.0
    engines: {node: '>= 8'}
    dev: true

  registry.npmmirror.com/which/2.0.2:
    resolution: {integrity: sha512-BLI3Tl1TW3Pvl70l3yq3Y64i+awpwXqsGBYWkkqMtnbXgrMD+yj7rhW0kuEDxzJaYXGjEW5ogapKNMEKNMjibA==, registry: https://registry.npm.taobao.org/, tarball: https://registry.npmmirror.com/which/-/which-2.0.2.tgz}
    name: which
    version: 2.0.2
    engines: {node: '>= 8'}
    hasBin: true
    dependencies:
      isexe: registry.npmmirror.com/isexe/2.0.0
    dev: true

  registry.npmmirror.com/yaml/1.10.2:
    resolution: {integrity: sha512-r3vXyErRCYJ7wg28yvBY5VSoAF8ZvlcW9/BwUzEtUsjvX/DKs24dIkuwjtuprwJJHsbyUbLApepYTR1BN4uHrg==, registry: https://registry.npm.taobao.org/, tarball: https://registry.npmmirror.com/yaml/-/yaml-1.10.2.tgz}
    name: yaml
    version: 1.10.2
    engines: {node: '>= 6'}
    dev: true

  registry.npmmirror.com/zx/5.2.0:
    resolution: {integrity: sha512-EzaYf8TGosgEGli8CpcDHnvZck/FRv3vEjIzYnhZLib8H+jKc3p4CG2epTayDqCOYQ2v0xsv2DoQ1Hn2OZ0o/g==, registry: https://registry.npm.taobao.org/, tarball: https://registry.npmmirror.com/zx/-/zx-5.2.0.tgz}
    name: zx
    version: 5.2.0
    engines: {node: '>= 16.0.0'}
    hasBin: true
    dependencies:
      '@types/fs-extra': registry.npmmirror.com/@types/fs-extra/9.0.13
      '@types/minimist': registry.npmmirror.com/@types/minimist/1.2.2
      '@types/node': registry.npmmirror.com/@types/node/17.0.21
      chalk: registry.npmmirror.com/chalk/5.0.0
      fs-extra: registry.npmmirror.com/fs-extra/10.0.1
      globby: registry.npmmirror.com/globby/13.1.1
      minimist: registry.npmmirror.com/minimist/1.2.5
      node-fetch: registry.npmmirror.com/node-fetch/3.2.1
      ps-tree: registry.npmmirror.com/ps-tree/1.2.0
      which: registry.npmmirror.com/which/2.0.2
      yaml: registry.npmmirror.com/yaml/1.10.2
    dev: true
