lockfileVersion: 5.3

specifiers:
  '@vue/reactivity': ^3.2.33

dependencies:
  '@vue/reactivity': registry.npmmirror.com/@vue/reactivity/3.2.33

packages:

  registry.npmmirror.com/@vue/reactivity/3.2.33:
    resolution: {integrity: sha512-62Sq0mp9/0bLmDuxuLD5CIaMG2susFAGARLuZ/5jkU1FCf9EDbwUuF+BO8Ub3Rbodx0ziIecM/NsmyjardBxfQ==, registry: https://registry.npm.taobao.org/, tarball: https://registry.npmmirror.com/@vue/reactivity/-/reactivity-3.2.33.tgz}
    name: '@vue/reactivity'
    version: 3.2.33
    dependencies:
      '@vue/shared': registry.npmmirror.com/@vue/shared/3.2.33
    dev: false

  registry.npmmirror.com/@vue/shared/3.2.33:
    resolution: {integrity: sha512-UBc1Pg1T3yZ97vsA2ueER0F6GbJebLHYlEi4ou1H5YL4KWvMOOWwpYo9/QpWq93wxKG6Wo13IY74Hcn/f7c7Bg==, registry: https://registry.npm.taobao.org/, tarball: https://registry.npmmirror.com/@vue/shared/-/shared-3.2.33.tgz}
    name: '@vue/shared'
    version: 3.2.33
    dev: false
